
Microsoft Visual Studio Solution File, Format Version 12.00
# Visual Studio Version 17
VisualStudioVersion = 17.8.34511.84
MinimumVisualStudioVersion = 10.0.40219.1
Project("{FAE04EC0-301F-11D3-BF4B-00C04F79EFBC}") = "DataAccesLayer", "DataAccesLayer\DataAccesLayer.csproj", "{69BA24F7-B64A-4748-BD54-7005F9CB3732}"
EndProject
Project("{FAE04EC0-301F-11D3-BF4B-00C04F79EFBC}") = "Desktop", "Desktop\Desktop.csproj", "{FFDFBCD8-5C13-4A59-8DD9-467807AD52F5}"
EndProject
Global
	GlobalSection(SolutionConfigurationPlatforms) = preSolution
		Debug|Any CPU = Debug|Any CPU
		Release|Any CPU = Release|Any CPU
	EndGlobalSection
	GlobalSection(ProjectConfigurationPlatforms) = postSolution
		{69BA24F7-B64A-4748-BD54-7005F9CB3732}.Debug|Any CPU.ActiveCfg = Debug|Any CPU
		{69BA24F7-B64A-4748-BD54-7005F9CB3732}.Debug|Any CPU.Build.0 = Debug|Any CPU
		{69BA24F7-B64A-4748-BD54-7005F9CB3732}.Release|Any CPU.ActiveCfg = Release|Any CPU
		{69BA24F7-B64A-4748-BD54-7005F9CB3732}.Release|Any CPU.Build.0 = Release|Any CPU
		{FFDFBCD8-5C13-4A59-8DD9-467807AD52F5}.Debug|Any CPU.ActiveCfg = Debug|Any CPU
		{FFDFBCD8-5C13-4A59-8DD9-467807AD52F5}.Debug|Any CPU.Build.0 = Debug|Any CPU
		{FFDFBCD8-5C13-4A59-8DD9-467807AD52F5}.Release|Any CPU.ActiveCfg = Release|Any CPU
		{FFDFBCD8-5C13-4A59-8DD9-467807AD52F5}.Release|Any CPU.Build.0 = Release|Any CPU
	EndGlobalSection
	GlobalSection(SolutionProperties) = preSolution
		HideSolutionNode = FALSE
	EndGlobalSection
	GlobalSection(ExtensibilityGlobals) = postSolution
		SolutionGuid = {8AD84393-174F-4CC2-A4DF-91A72D715B8B}
	EndGlobalSection
EndGlobal
